
Microsoft Visual Studio Solution File, Format Version 12.00
# Visual Studio Version 17
VisualStudioVersion = 17.5.002.0
MinimumVisualStudioVersion = 10.0.40219.1
Project("{9A19103F-16F7-4668-BE54-9A1E7A4F7556}") = "aidemo", "aidemo\aidemo.csproj", "{791F9068-7F32-47ED-A965-F56F90455D4C}"
EndProject
Global
	GlobalSection(SolutionConfigurationPlatforms) = preSolution
		Debug|Any CPU = Debug|Any CPU
		Release|Any CPU = Release|Any CPU
	EndGlobalSection
	GlobalSection(ProjectConfigurationPlatforms) = postSolution
		{791F9068-7F32-47ED-A965-F56F90455D4C}.Debug|Any CPU.ActiveCfg = Debug|Any CPU
		{791F9068-7F32-47ED-A965-F56F90455D4C}.Debug|Any CPU.Build.0 = Debug|Any CPU
		{791F9068-7F32-47ED-A965-F56F90455D4C}.Release|Any CPU.ActiveCfg = Release|Any CPU
		{791F9068-7F32-47ED-A965-F56F90455D4C}.Release|Any CPU.Build.0 = Release|Any CPU
	EndGlobalSection
	GlobalSection(SolutionProperties) = preSolution
		HideSolutionNode = FALSE
	EndGlobalSection
	GlobalSection(ExtensibilityGlobals) = postSolution
		SolutionGuid = {28F50407-597D-4337-8F86-D25F6F30AEA3}
	EndGlobalSection
EndGlobal
